
Microsoft Visual Studio Solution File, Format Version 12.00
# Visual Studio 15
VisualStudioVersion = 15.0.26228.9
MinimumVisualStudioVersion = 10.0.40219.1
Project("{FAE04EC0-301F-11D3-BF4B-00C04F79EFBC}") = "MathCore", "MathCore.csproj", "{34786001-5048-4831-9A72-EAB86264EB3A}"
EndProject
Project("{FAE04EC0-301F-11D3-BF4B-00C04F79EFBC}") = "MarkedPoints", "..\MarkedPoints\MarkedPoints.csproj", "{D9E6E8A2-4306-4E7A-B4AC-396DF4B36097}"
EndProject
Global
	GlobalSection(SolutionConfigurationPlatforms) = preSolution
		Debug|Any CPU = Debug|Any CPU
		Release|Any CPU = Release|Any CPU
	EndGlobalSection
	GlobalSection(ProjectConfigurationPlatforms) = postSolution
		{34786001-5048-4831-9A72-EAB86264EB3A}.Debug|Any CPU.ActiveCfg = Debug|Any CPU
		{34786001-5048-4831-9A72-EAB86264EB3A}.Debug|Any CPU.Build.0 = Debug|Any CPU
		{34786001-5048-4831-9A72-EAB86264EB3A}.Release|Any CPU.ActiveCfg = Release|Any CPU
		{34786001-5048-4831-9A72-EAB86264EB3A}.Release|Any CPU.Build.0 = Release|Any CPU
		{D9E6E8A2-4306-4E7A-B4AC-396DF4B36097}.Debug|Any CPU.ActiveCfg = Debug|Any CPU
		{D9E6E8A2-4306-4E7A-B4AC-396DF4B36097}.Debug|Any CPU.Build.0 = Debug|Any CPU
		{D9E6E8A2-4306-4E7A-B4AC-396DF4B36097}.Release|Any CPU.ActiveCfg = Release|Any CPU
		{D9E6E8A2-4306-4E7A-B4AC-396DF4B36097}.Release|Any CPU.Build.0 = Release|Any CPU
	EndGlobalSection
	GlobalSection(SolutionProperties) = preSolution
		HideSolutionNode = FALSE
	EndGlobalSection
EndGlobal
